github.com/aws/aws-sdk-go-v2 v1.5.0 h1:o0TprBiEkqtMGD2Ira1VCq3zwWej256zHLSRcd+cxUA=
github.com/aws/aws-sdk-go-v2 v1.5.0/go.mod h1:tI4KhsR5VkzlUa2DZAdwx7wCAYGwkZZ1H31PYrBFx1w=
github.com/aws/aws-sdk-go-v2/config v1.2.0 h1:3JVWs+ilru3/5Zq6KbuQj8aqp7DW+Uw/wv6gCYZ2UnI=
github.com/aws/aws-sdk-go-v2/config v1.2.0/go.mod h1:JgPbg7YzzczkGu1Zi0hHVKYXVzx4OTKnNSD+h+qlpLw=
github.com/aws/aws-sdk-go-v2/credentials v1.2.0 h1:NxD//04/Y4nid+Slj8JjouisY/DAYjjXW4lqWNkBaO8=
github.com/aws/aws-sdk-go-v2/credentials v1.2.0/go.mod h1:3Xxgc7WsldLnLnPSRcNOT5eVRgb55Kkgp8mE5kAmLrU=
github.com/aws/aws-sdk-go-v2/feature/dynamodb/attributevalue v1.1.0 h1:F0wMAZ/xTvo7Wcn9gaFAdsQ/ZIYuH+3UCieGyZFiRgI=
github.com/aws/aws-sdk-go-v2/feature/dynamodb/attributevalue v1.1.0/go.mod h1:TNT4f5IMNdhBOs1sNR3AwAeiPvaKXF9tqw7jUyRpJyg=
github.com/aws/aws-sdk-go-v2/feature/ec2/imds v1.1.0 h1:EVNLR3OULDnvp92ISADQwZwVsdz7dasl1MCneUVJQnQ=
github.com/aws/aws-sdk-go-v2/feature/ec2/imds v1.1.0/go.mod h1:GOKx1449nzMoUdTKrP41RsPn1hogOaxb+5MaoOiZgqc=
github.com/aws/aws-sdk-go-v2/service/dynamodb v1.3.0 h1:h23KXu//Os2NZPEYGcT4NBg62QUXmnKew0Pt89PQdc4=
github.com/aws/aws-sdk-go-v2/service/dynamodb v1.3.0/go.mod h1:qekkKtOUKslcQfTy5eIdgehZxSCiKeEDvwN2yZIrshE=
github.com/aws/aws-sdk-go-v2/service/dynamodbstreams v1.2.0 h1:g4D0+onANR0+FQL1xUuW8fe4r8Xa5nt+kjfwcR7ld+0=
github.com/aws/aws-sdk-go-v2/service/dynamodbstreams v1.2.0/go.mod h1:bYp7rk1FMx6t65yK657Mto0s+p/REOCjmNAw/zPdDjY=
github.com/aws/aws-sdk-go-v2/service/internal/accept-encoding v1.1.0 h1:XwqxIO9LtNXznBbEMNGumtLN60k4nVqDpVwVWx3XU/o=
github.com/aws/aws-sdk-go-v2/service/internal/accept-encoding v1.1.0/go.mod h1:zdjOOy0ojUn3iNELo6ycIHSMCp4xUbycSHfb8PnbbyM=
github.com/aws/aws-sdk-go-v2/service/internal/presigned-url v1.1.0 h1:i+cyzgQbk02N3pbwBTwjOChoDuIxsGdE6ucD2ZLVnJQ=
github.com/aws/aws-sdk-go-v2/service/internal/presigned-url v1.1.0/go.mod h1:mruB7K2oMCoU0WhUeTV1CxpqoP7Q0N1uo5TXH4r2dZA=
github.com/aws/aws-sdk-go-v2/service/sns v1.4.0 h1:Jf7nrkMHUbXT0HYPDw8XT91X9AnLUE9y6Z92CJV/eyY=
github.com/aws/aws-sdk-go-v2/service/sns v1.4.0/go.mod h1:zgP42VAaR3miwsVK7RIbQ/mgGyhN4ZEpVKxAlov8zII=
github.com/aws/aws-sdk-go-v2/service/sqs v1.4.0 h1:w5EaYjYiwiYivcab1/Xv9T7UriNqT4XpbI3mky0MAZ8=
github.com/aws/aws-sdk-go-v2/service/sqs v1.4.0/go.mod h1:p/0QcWboH0jsZIAJjDR6MwoCfhXQpAZ3Q5ixVRdjfGk=
github.com/aws/aws-sdk-go-v2/service/sso v1.2.0 h1:6cTVa8anc914VgJzca8Jd0ewA7Y5fbEFheXqidum0tg=
github.com/aws/aws-sdk-go-v2/service/sso v1.2.0/go.mod h1:5qnaL4AtNElFr+a5mdkvD+89jGwpTVyWWX5W/eLzmes=
github.com/aws/aws-sdk-go-v2/service/sts v1.4.0 h1:pcnLXm4eMWUgqfbjsRyeSz90CKunJUmre+trKJx/FAk=
github.com/aws/aws-sdk-go-v2/service/sts v1.4.0/go.mod h1:VJE1MpZYuhpWfOVmz7xFou78H5uJc7RX+8CKpbRaG9k=
github.com/aws/smithy-go v1.4.0 h1:3rsQpgRe+OoQgJhEwGNpIkosl0fJLdmQqF4gSFRjg+4=
github.com/aws/smithy-go v1.4.0/go.mod h1:SObp3lf9smib00L/v3U2eAKG8FyQ7iLrJnQiAmR5n+E=
github.com/davecgh/go-spew v1.1.0/go.mod h1:J7Y8YcW2NihsgmVo/mv3lAwl/skON4iLHjSsI+c5H38=
github.com/google/go-cmp v0.5.4/go.mod h1:v8dTdLbMG2kIc/vJvl+f65V22dbkXbowE6jgT/gNBxE=
github.com/google/uuid v1.2.0 h1:qJYtXnJRWmpe7m/3XlyhrsLrEURqHRM2kxzoxXqyUDs=
github.com/google/uuid v1.2.0/go.mod h1:TIyPZe4MgqvfeYDBFedMoGGpEw/LqOeaOT+nhxU+yHo=
github.com/hashicorp/errwrap v1.0.0 h1:hLrqtEDnRye3+sgx6z4qVLNuviH3MR5aQ0ykNJa/UYA=
github.com/hashicorp/errwrap v1.0.0/go.mod h1:YH+1FKiLXxHSkmPseP+kNlulaMuP3n2brvKWEqk/Jc4=
github.com/hashicorp/go-multierror v1.1.1 h1:H5DkEtf6CXdFp0N0Em5UCwQpXMWke8IA0+lD48awMYo=
github.com/hashicorp/go-multierror v1.1.1/go.mod h1:iw975J/qwKPdAO1clOe2L8331t/9/fmwbPZ6JB6eMoM=
github.com/jmespath/go-jmespath v0.4.0 h1:BEgLn5cpjn8UN1mAw4NjwDrS35OdebyEtFe+9YPoQUg=
github.com/jmespath/go-jmespath v0.4.0/go.mod h1:T8mJZnbsbmF+m6zOOFylbeCJqk5+pHWvzYPziyZiYoo=
github.com/jmespath/go-jmespath/internal/testify v1.5.1/go.mod h1:L3OGu8Wl2/fWfCI6z80xFu9LTZmf1ZRjMHUOPmWr69U=
github.com/neutrinocorp/ddderr v0.0.0-20210215034449-ca8761cd1c48 h1:8Da1B/BVSBQzcfv9gnybjWSl1EpuZrKbZMX7e7v42vs=
github.com/neutrinocorp/ddderr v0.0.0-20210215034449-ca8761cd1c48/go.mod h1:AOx+/en3kwr4vKgjw3x3osBc2CXgBXGDEdoJkSh7iqY=
github.com/pmezard/go-difflib v1.0.0/go.mod h1:iKH77koFhYxTK1pcRnkKkqfTogsbg7gZNVY4sRDYZ/4=
github.com/stretchr/objx v0.1.0/go.mod h1:HFkY916IF+rwdDfMAkV7OtwuqBVzrE8GR6GFx+wExME=
github.com/stretchr/testify v1.7.0/go.mod h1:6Fq8oRcR53rry900zMqJjRRixrwX3KX962/h/Wwjteg=
golang.org/x/xerrors v0.0.0-20191204190536-9bdfabe68543/go.mod h1:I/5z698sn9Ka8TeJc9MKroUUfqBBauWjQqLJ2OPfmY0=
gopkg.in/check.v1 v0.0.0-20161208181325-20d25e280405/go.mod h1:Co6ibVJAznAaIkqp8huTwlJQCZ016jof/cbN4VW5Yz0=
gopkg.in/yaml.v2 v2.2.8/go.mod h1:hI93XBmqTisBFMUTm0b8Fm+jr3Dg1NNxqwp+5A1VGuI=
gopkg.in/yaml.v3 v3.0.0-20200313102051-9f266ea9e77c/go.mod h1:K4uyk7z7BCEPqu6E+C64Yfv1cQ7kz7rIZviUmN+EgEM=
